// !$*UTF8*$!
{
	archiveVersion = 1;
	classes = {
	};
	objectVersion = 46;
	objects = {

/* Begin PBXBuildFile section */
		25E5EEF01F6A4892001605AC /* AppDelegate.swift in Sources */ = {isa = PBXBuildFile; fileRef = 25E5EEEF1F6A4892001605AC /* AppDelegate.swift */; };
		25E5EEF21F6A4892001605AC /* ViewController.swift in Sources */ = {isa = PBXBuildFile; fileRef = 25E5EEF11F6A4892001605AC /* ViewController.swift */; };
		25E5EEF51F6A4892001605AC /* Main.storyboard in Resources */ = {isa = PBXBuildFile; fileRef = 25E5EEF31F6A4892001605AC /* Main.storyboard */; };
		25E5EEF71F6A4892001605AC /* Assets.xcassets in Resources */ = {isa = PBXBuildFile; fileRef = 25E5EEF61F6A4892001605AC /* Assets.xcassets */; };
		25E5EEFA1F6A4892001605AC /* LaunchScreen.storyboard in Resources */ = {isa = PBXBuildFile; fileRef = 25E5EEF81F6A4892001605AC /* LaunchScreen.storyboard */; };
		25E5EF031F6A50B6001605AC /* Metal.framework in Frameworks */ = {isa = PBXBuildFile; fileRef = 25E5EF021F6A50B6001605AC /* Metal.framework */; };
/* End PBXBuildFile section */

/* Begin PBXFileReference section */
		25E5EEEC1F6A4892001605AC /* Chapter2_3D.app */ = {isa = PBXFileReference; explicitFileType = wrapper.application; includeInIndex = 0; path = Chapter2_3D.app; sourceTree = BUILT_PRODUCTS_DIR; };
		25E5EEEF1F6A4892001605AC /* AppDelegate.swift */ = {isa = PBXFileReference; lastKnownFileType = sourcecode.swift; path = AppDelegate.swift; sourceTree = "<group>"; };
		25E5EEF11F6A4892001605AC /* ViewController.swift */ = {isa = PBXFileReference; lastKnownFileType = sourcecode.swift; path = ViewController.swift; sourceTree = "<group>"; };
		25E5EEF41F6A4892001605AC /* Base */ = {isa = PBXFileReference; lastKnownFileType = file.storyboard; name = Base; path = Base.lproj/Main.storyboard; sourceTree = "<group>"; };
		25E5EEF61F6A4892001605AC /* Assets.xcassets */ = {isa = PBXFileReference; lastKnownFileType = folder.assetcatalog; path = Assets.xcassets; sourceTree = "<group>"; };
		25E5EEF91F6A4892001605AC /* Base */ = {isa = PBXFileReference; lastKnownFileType = file.storyboard; name = Base; path = Base.lproj/LaunchScreen.storyboard; sourceTree = "<group>"; };
		25E5EEFB1F6A4892001605AC /* Info.plist */ = {isa = PBXFileReference; lastKnownFileType = text.plist.xml; path = Info.plist; sourceTree = "<group>"; };
		25E5EF021F6A50B6001605AC /* Metal.framework */ = {isa = PBXFileReference; lastKnownFileType = wrapper.framework; name = Metal.framework; path = System/Library/Frameworks/Metal.framework; sourceTree = SDKROOT; };
/* End PBXFileReference section */

/* Begin PBXFrameworksBuildPhase section */
		25E5EEE91F6A4892001605AC /* Frameworks */ = {
			isa = PBXFrameworksBuildPhase;
			buildActionMask = 2147483647;
			files = (
				25E5EF031F6A50B6001605AC /* Metal.framework in Frameworks */,
			);
			runOnlyForDeploymentPostprocessing = 0;
		};
/* End PBXFrameworksBuildPhase section */

/* Begin PBXGroup section */
		25E5EEE31F6A4892001605AC = {
			isa = PBXGroup;
			children = (
				25E5EEEE1F6A4892001605AC /* Chapter2_3D */,
				25E5EEED1F6A4892001605AC /* Products */,
				25E5EF011F6A50B5001605AC /* Frameworks */,
			);
			sourceTree = "<group>";
		};
		25E5EEED1F6A4892001605AC /* Products */ = {
			isa = PBXGroup;
			children = (
				25E5EEEC1F6A4892001605AC /* Chapter2_3D.app */,
			);
			name = Products;
			sourceTree = "<group>";
		};
		25E5EEEE1F6A4892001605AC /* Chapter2_3D */ = {
			isa = PBXGroup;
			children = (
				25E5EEEF1F6A4892001605AC /* AppDelegate.swift */,
				25E5EEF11F6A4892001605AC /* ViewController.swift */,
				25E5EEF31F6A4892001605AC /* Main.storyboard */,
				25E5EEF61F6A4892001605AC /* Assets.xcassets */,
				25E5EEF81F6A4892001605AC /* LaunchScreen.storyboard */,
				25E5EEFB1F6A4892001605AC /* Info.plist */,
			);
			path = Chapter2_3D;
			sourceTree = "<group>";
		};
		25E5EF011F6A50B5001605AC /* Frameworks */ = {
			isa = PBXGroup;
			children = (
				25E5EF021F6A50B6001605AC /* Metal.framework */,
			);
			name = Frameworks;
			sourceTree = "<group>";
		};
/* End PBXGroup section */

/* Begin PBXNativeTarget section */
		25E5EEEB1F6A4892001605AC /* Chapter2_3D */ = {
			isa = PBXNativeTarget;
			buildConfigurationList = 25E5EEFE1F6A4892001605AC /* Build configuration list for PBXNativeTarget "Chapter2_3D" */;
			buildPhases = (
				25E5EEE81F6A4892001605AC /* Sources */,
				25E5EEE91F6A4892001605AC /* Frameworks */,
				25E5EEEA1F6A4892001605AC /* Resources */,
			);
			buildRules = (
			);
			dependencies = (
			);
			name = Chapter2_3D;
			productName = Chapter2_3D;
			productReference = 25E5EEEC1F6A4892001605AC /* Chapter2_3D.app */;
			productType = "com.apple.product-type.application";
		};
/* End PBXNativeTarget section */

/* Begin PBXProject section */
		25E5EEE41F6A4892001605AC /* Project object */ = {
			isa = PBXProject;
			attributes = {
				LastSwiftUpdateCheck = 0830;
				LastUpgradeCheck = 0830;
				ORGANIZATIONNAME = FB;
				TargetAttributes = {
					25E5EEEB1F6A4892001605AC = {
						CreatedOnToolsVersion = 8.3.3;
						DevelopmentTeam = CR386L3EVP;
						ProvisioningStyle = Automatic;
					};
				};
			};
			buildConfigurationList = 25E5EEE71F6A4892001605AC /* Build configuration list for PBXProject "Chapter2_3D" */;
			compatibilityVersion = "Xcode 3.2";
			developmentRegion = English;
			hasScannedForEncodings = 0;
			knownRegions = (
				en,
				Base,
			);
			mainGroup = 25E5EEE31F6A4892001605AC;
			productRefGroup = 25E5EEED1F6A4892001605AC /* Products */;
			projectDirPath = "";
			projectRoot = "";
			targets = (
				25E5EEEB1F6A4892001605AC /* Chapter2_3D */,
			);
		};
/* End PBXProject section */

/* Begin PBXResourcesBuildPhase section */
		25E5EEEA1F6A4892001605AC /* Resources */ = {
			isa = PBXResourcesBuildPhase;
			buildActionMask = 2147483647;
			files = (
				25E5EEFA1F6A4892001605AC /* LaunchScreen.storyboard in Resources */,
				25E5EEF71F6A4892001605AC /* Assets.xcassets in Resources */,
				25E5EEF51F6A4892001605AC /* Main.storyboard in Resources */,
			);
			runOnlyForDeploymentPostprocessing = 0;
		};
/* End PBXResourcesBuildPhase section */

/* Begin PBXSourcesBuildPhase section */
		25E5EEE81F6A4892001605AC /* Sources */ = {
			isa = PBXSourcesBuildPhase;
			buildActionMask = 2147483647;
			files = (
				25E5EEF21F6A4892001605AC /* ViewController.swift in Sources */,
				25E5EEF01F6A4892001605AC /* AppDelegate.swift in Sources */,
			);
			runOnlyForDeploymentPostprocessing = 0;
		};
/* End PBXSourcesBuildPhase section */

/* Begin PBXVariantGroup section */
		25E5EEF31F6A4892001605AC /* Main.storyboard */ = {
			isa = PBXVariantGroup;
			children = (
				25E5EEF41F6A4892001605AC /* Base */,
			);
			name = Main.storyboard;
			sourceTree = "<group>";
		};
		25E5EEF81F6A4892001605AC /* LaunchScreen.storyboard */ = {
			isa = PBXVariantGroup;
			children = (
				25E5EEF91F6A4892001605AC /* Base */,
			);
			name = LaunchScreen.storyboard;
			sourceTree = "<group>";
		};
/* End PBXVariantGroup section */

/* Begin XCBuildConfiguration section */
		25E5EEFC1F6A4892001605AC /* Debug */ = {
			isa = XCBuildConfiguration;
			buildSettings = {
				ALWAYS_SEARCH_USER_PATHS = NO;
				CLANG_ANALYZER_NONNULL = YES;
				CLANG_ANALYZER_NUMBER_OBJECT_CONVERSION = YES_AGGRESSIVE;
				CLANG_CXX_LANGUAGE_STANDARD = "gnu++0x";
				CLANG_CXX_LIBRARY = "libc++";
				CLANG_ENABLE_MODULES = YES;
				CLANG_ENABLE_OBJC_ARC = YES;
				CLANG_WARN_BOOL_CONVERSION = YES;
				CLANG_WARN_CONSTANT_CONVERSION = YES;
				CLANG_WARN_DIRECT_OBJC_ISA_USAGE = YES_ERROR;
				CLANG_WARN_DOCUMENTATION_COMMENTS = YES;
				CLANG_WARN_EMPTY_BODY = YES;
				CLANG_WARN_ENUM_CONVERSION = YES;
				CLANG_WARN_INFINITE_RECURSION = YES;
				CLANG_WARN_INT_CONVERSION = YES;
				CLANG_WARN_OBJC_ROOT_CLASS = YES_ERROR;
				CLANG_WARN_SUSPICIOUS_MOVE = YES;
				CLANG_WARN_UNREACHABLE_CODE = YES;
				CLANG_WARN__DUPLICATE_METHOD_MATCH = YES;
				"CODE_SIGN_IDENTITY[sdk=iphoneos*]" = "iPhone Developer";
				COPY_PHASE_STRIP = NO;
				DEBUG_INFORMATION_FORMAT = dwarf;
				ENABLE_STRICT_OBJC_MSGSEND = YES;
				ENABLE_TESTABILITY = YES;
				GCC_C_LANGUAGE_STANDARD = gnu99;
				GCC_DYNAMIC_NO_PIC = NO;
				GCC_NO_COMMON_BLOCKS = YES;
				GCC_OPTIMIZATION_LEVEL = 0;
				GCC_PREPROCESSOR_DEFINITIONS = (
					"DEBUG=1",
					"$(inherited)",
				);
				GCC_WARN_64_TO_32_BIT_CONVERSION = YES;
				GCC_WARN_ABOUT_RETURN_TYPE = YES_ERROR;
				GCC_WARN_UNDECLARED_SELECTOR = YES;
				GCC_WARN_UNINITIALIZED_AUTOS = YES_AGGRESSIVE;
				GCC_WARN_UNUSED_FUNCTION = YES;
				GCC_WARN_UNUSED_VARIABLE = YES;
				IPHONEOS_DEPLOYMENT_TARGET = 10.3;
				MTL_ENABLE_DEBUG_INFO = YES;
				ONLY_ACTIVE_ARCH = YES;
				SDKROOT = iphoneos;
				SWIFT_ACTIVE_COMPILATION_CONDITIONS = DEBUG;
				SWIFT_OPTIMIZATION_LEVEL = "-Onone";
				TARGETED_DEVICE_FAMILY = "1,2";
			};
			name = Debug;
		};
		25E5EEFD1F6A4892001605AC /* Release */ = {
			isa = XCBuildConfiguration;
			buildSettings = {
				ALWAYS_SEARCH_USER_PATHS = NO;
				CLANG_ANALYZER_NONNULL = YES;
				CLANG_ANALYZER_NUMBER_OBJECT_CONVERSION = YES_AGGRESSIVE;
				CLANG_CXX_LANGUAGE_STANDARD = "gnu++0x";
				CLANG_CXX_LIBRARY = "libc++";
				CLANG_ENABLE_MODULES = YES;
				CLANG_ENABLE_OBJC_ARC = YES;
				CLANG_WARN_BOOL_CONVERSION = YES;
				CLANG_WARN_CONSTANT_CONVERSION = YES;
				CLANG_WARN_DIRECT_OBJC_ISA_USAGE = YES_ERROR;
				CLANG_WARN_DOCUMENTATION_COMMENTS = YES;
				CLANG_WARN_EMPTY_BODY = YES;
				CLANG_WARN_ENUM_CONVERSION = YES;
				CLANG_WARN_INFINITE_RECURSION = YES;
				CLANG_WARN_INT_CONVERSION = YES;
				CLANG_WARN_OBJC_ROOT_CLASS = YES_ERROR;
				CLANG_WARN_SUSPICIOUS_MOVE = YES;
				CLANG_WARN_UNREACHABLE_CODE = YES;
				CLANG_WARN__DUPLICATE_METHOD_MATCH = YES;
				"CODE_SIGN_IDENTITY[sdk=iphoneos*]" = "iPhone Developer";
				COPY_PHASE_STRIP = NO;
				DEBUG_INFORMATION_FORMAT = "dwarf-with-dsym";
				ENABLE_NS_ASSERTIONS = NO;
				ENABLE_STRICT_OBJC_MSGSEND = YES;
				GCC_C_LANGUAGE_STANDARD = gnu99;
				GCC_NO_COMMON_BLOCKS = YES;
				GCC_WARN_64_TO_32_BIT_CONVERSION = YES;
				GCC_WARN_ABOUT_RETURN_TYPE = YES_ERROR;
				GCC_WARN_UNDECLARED_SELECTOR = YES;
				GCC_WARN_UNINITIALIZED_AUTOS = YES_AGGRESSIVE;
				GCC_WARN_UNUSED_FUNCTION = YES;
				GCC_WARN_UNUSED_VARIABLE = YES;
				IPHONEOS_DEPLOYMENT_TARGET = 10.3;
				MTL_ENABLE_DEBUG_INFO = NO;
				SDKROOT = iphoneos;
				SWIFT_OPTIMIZATION_LEVEL = "-Owholemodule";
				TARGETED_DEVICE_FAMILY = "1,2";
				VALIDATE_PRODUCT = YES;
			};
			name = Release;
		};
		25E5EEFF1F6A4892001605AC /* Debug */ = {
			isa = XCBuildConfiguration;
			buildSettings = {
				ASSETCATALOG_COMPILER_APPICON_NAME = AppIcon;
				DEVELOPMENT_TEAM = CR386L3EVP;
				INFOPLIST_FILE = Chapter2_3D/Info.plist;
				LD_RUNPATH_SEARCH_PATHS = "$(inherited) @executable_path/Frameworks";
				PRODUCT_BUNDLE_IDENTIFIER = "com.fbapp.Chapter2-3D";
				PRODUCT_NAME = "$(TARGET_NAME)";
				SWIFT_VERSION = 3.0;
			};
			name = Debug;
		};
		25E5EF001F6A4892001605AC /* Release */ = {
			isa = XCBuildConfiguration;
			buildSettings = {
				ASSETCATALOG_COMPILER_APPICON_NAME = AppIcon;
				DEVELOPMENT_TEAM = CR386L3EVP;
				INFOPLIST_FILE = Chapter2_3D/Info.plist;
				LD_RUNPATH_SEARCH_PATHS = "$(inherited) @executable_path/Frameworks";
				PRODUCT_BUNDLE_IDENTIFIER = "com.fbapp.Chapter2-3D";
				PRODUCT_NAME = "$(TARGET_NAME)";
				SWIFT_VERSION = 3.0;
			};
			name = Release;
		};
/* End XCBuildConfiguration section */

/* Begin XCConfigurationList section */
		25E5EEE71F6A4892001605AC /* Build configuration list for PBXProject "Chapter2_3D" */ = {
			isa = XCConfigurationList;
			buildConfigurations = (
				25E5EEFC1F6A4892001605AC /* Debug */,
				25E5EEFD1F6A4892001605AC /* Release */,
			);
			defaultConfigurationIsVisible = 0;
			defaultConfigurationName = Release;
		};
		25E5EEFE1F6A4892001605AC /* Build configuration list for PBXNativeTarget "Chapter2_3D" */ = {
			isa = XCConfigurationList;
			buildConfigurations = (
				25E5EEFF1F6A4892001605AC /* Debug */,
				25E5EF001F6A4892001605AC /* Release */,
			);
			defaultConfigurationIsVisible = 0;
		};
/* End XCConfigurationList section */
	};
	rootObject = 25E5EEE41F6A4892001605AC /* Project object */;
}
